// !$*UTF8*$!
{
	archiveVersion = 1;
	classes = {
	};
	objectVersion = 55;
	objects = {

/* Begin PBXBuildFile section */
		8BAF8821282F92E80072FC48 /* CookbookApp.swift in Sources */ = {isa = PBXBuildFile; fileRef = 8BAF8820282F92E80072FC48 /* CookbookApp.swift */; };
		8BAF8823282F92E80072FC48 /* ContentView.swift in Sources */ = {isa = PBXBuildFile; fileRef = 8BAF8822282F92E80072FC48 /* ContentView.swift */; };
		8BAF8825282F92EB0072FC48 /* Assets.xcassets in Resources */ = {isa = PBXBuildFile; fileRef = 8BAF8824282F92EB0072FC48 /* Assets.xcassets */; };
		8BAF8828282F92EB0072FC48 /* Preview Assets.xcassets in Resources */ = {isa = PBXBuildFile; fileRef = 8BAF8827282F92EB0072FC48 /* Preview Assets.xcassets */; };
		8BAF882F282F93610072FC48 /* ViewModel.swift in Sources */ = {isa = PBXBuildFile; fileRef = 8BAF882E282F93610072FC48 /* ViewModel.swift */; };
		8BAF8831282F936B0072FC48 /* Menu.swift in Sources */ = {isa = PBXBuildFile; fileRef = 8BAF8830282F936B0072FC48 /* Menu.swift */; };
		8BAF8833282F93750072FC48 /* Recipe.swift in Sources */ = {isa = PBXBuildFile; fileRef = 8BAF8832282F93750072FC48 /* Recipe.swift */; };
		8BAF8835282F937D0072FC48 /* URLSession-Decodable.swift in Sources */ = {isa = PBXBuildFile; fileRef = 8BAF8834282F937D0072FC48 /* URLSession-Decodable.swift */; };
		8BAF8837282F93840072FC48 /* Bundle-Decodable.swift in Sources */ = {isa = PBXBuildFile; fileRef = 8BAF8836282F93840072FC48 /* Bundle-Decodable.swift */; };
		8BAF8839282F938B0072FC48 /* MenuSelection.swift in Sources */ = {isa = PBXBuildFile; fileRef = 8BAF8838282F938B0072FC48 /* MenuSelection.swift */; };
		8BAF883B282F93940072FC48 /* menus.json in Resources */ = {isa = PBXBuildFile; fileRef = 8BAF883A282F93940072FC48 /* menus.json */; };
		8BAF883D282F94BF0072FC48 /* FilterSelection.swift in Sources */ = {isa = PBXBuildFile; fileRef = 8BAF883C282F94BF0072FC48 /* FilterSelection.swift */; };
/* End PBXBuildFile section */

/* Begin PBXFileReference section */
		8BAF881D282F92E80072FC48 /* Cookbook.app */ = {isa = PBXFileReference; explicitFileType = wrapper.application; includeInIndex = 0; path = Cookbook.app; sourceTree = BUILT_PRODUCTS_DIR; };
		8BAF8820282F92E80072FC48 /* CookbookApp.swift */ = {isa = PBXFileReference; lastKnownFileType = sourcecode.swift; path = CookbookApp.swift; sourceTree = "<group>"; };
		8BAF8822282F92E80072FC48 /* ContentView.swift */ = {isa = PBXFileReference; lastKnownFileType = sourcecode.swift; path = ContentView.swift; sourceTree = "<group>"; };
		8BAF8824282F92EB0072FC48 /* Assets.xcassets */ = {isa = PBXFileReference; lastKnownFileType = folder.assetcatalog; path = Assets.xcassets; sourceTree = "<group>"; };
		8BAF8827282F92EB0072FC48 /* Preview Assets.xcassets */ = {isa = PBXFileReference; lastKnownFileType = folder.assetcatalog; path = "Preview Assets.xcassets"; sourceTree = "<group>"; };
		8BAF882E282F93610072FC48 /* ViewModel.swift */ = {isa = PBXFileReference; fileEncoding = 4; lastKnownFileType = sourcecode.swift; path = ViewModel.swift; sourceTree = "<group>"; };
		8BAF8830282F936B0072FC48 /* Menu.swift */ = {isa = PBXFileReference; fileEncoding = 4; lastKnownFileType = sourcecode.swift; path = Menu.swift; sourceTree = "<group>"; };
		8BAF8832282F93750072FC48 /* Recipe.swift */ = {isa = PBXFileReference; fileEncoding = 4; lastKnownFileType = sourcecode.swift; path = Recipe.swift; sourceTree = "<group>"; };
		8BAF8834282F937D0072FC48 /* URLSession-Decodable.swift */ = {isa = PBXFileReference; fileEncoding = 4; lastKnownFileType = sourcecode.swift; path = "URLSession-Decodable.swift"; sourceTree = "<group>"; };
		8BAF8836282F93840072FC48 /* Bundle-Decodable.swift */ = {isa = PBXFileReference; fileEncoding = 4; lastKnownFileType = sourcecode.swift; path = "Bundle-Decodable.swift"; sourceTree = "<group>"; };
		8BAF8838282F938B0072FC48 /* MenuSelection.swift */ = {isa = PBXFileReference; fileEncoding = 4; lastKnownFileType = sourcecode.swift; path = MenuSelection.swift; sourceTree = "<group>"; };
		8BAF883A282F93940072FC48 /* menus.json */ = {isa = PBXFileReference; fileEncoding = 4; lastKnownFileType = text.json; path = menus.json; sourceTree = "<group>"; };
		8BAF883C282F94BF0072FC48 /* FilterSelection.swift */ = {isa = PBXFileReference; lastKnownFileType = sourcecode.swift; path = FilterSelection.swift; sourceTree = "<group>"; };
/* End PBXFileReference section */

/* Begin PBXFrameworksBuildPhase section */
		8BAF881A282F92E80072FC48 /* Frameworks */ = {
			isa = PBXFrameworksBuildPhase;
			buildActionMask = 2147483647;
			files = (
			);
			runOnlyForDeploymentPostprocessing = 0;
		};
/* End PBXFrameworksBuildPhase section */

/* Begin PBXGroup section */
		8BAF8814282F92E80072FC48 = {
			isa = PBXGroup;
			children = (
				8BAF881F282F92E80072FC48 /* Cookbook */,
				8BAF881E282F92E80072FC48 /* Products */,
			);
			sourceTree = "<group>";
		};
		8BAF881E282F92E80072FC48 /* Products */ = {
			isa = PBXGroup;
			children = (
				8BAF881D282F92E80072FC48 /* Cookbook.app */,
			);
			name = Products;
			sourceTree = "<group>";
		};
		8BAF881F282F92E80072FC48 /* Cookbook */ = {
			isa = PBXGroup;
			children = (
				8BAF8820282F92E80072FC48 /* CookbookApp.swift */,
				8BAF8822282F92E80072FC48 /* ContentView.swift */,
				8BAF8841282F96BE0072FC48 /* Models */,
				8BAF883E282F95CE0072FC48 /* Extensions */,
				8BAF883F282F95EE0072FC48 /* Enums */,
				8BAF8840282F96A50072FC48 /* Resouces */,
				8BAF8826282F92EB0072FC48 /* Preview Content */,
			);
			path = Cookbook;
			sourceTree = "<group>";
		};
		8BAF8826282F92EB0072FC48 /* Preview Content */ = {
			isa = PBXGroup;
			children = (
				8BAF8827282F92EB0072FC48 /* Preview Assets.xcassets */,
			);
			path = "Preview Content";
			sourceTree = "<group>";
		};
		8BAF883E282F95CE0072FC48 /* Extensions */ = {
			isa = PBXGroup;
			children = (
				8BAF8834282F937D0072FC48 /* URLSession-Decodable.swift */,
				8BAF8836282F93840072FC48 /* Bundle-Decodable.swift */,
			);
			path = Extensions;
			sourceTree = "<group>";
		};
		8BAF883F282F95EE0072FC48 /* Enums */ = {
			isa = PBXGroup;
			children = (
				8BAF8838282F938B0072FC48 /* MenuSelection.swift */,
				8BAF883C282F94BF0072FC48 /* FilterSelection.swift */,
			);
			path = Enums;
			sourceTree = "<group>";
		};
		8BAF8840282F96A50072FC48 /* Resouces */ = {
			isa = PBXGroup;
			children = (
				8BAF883A282F93940072FC48 /* menus.json */,
				8BAF8824282F92EB0072FC48 /* Assets.xcassets */,
			);
			path = Resouces;
			sourceTree = "<group>";
		};
		8BAF8841282F96BE0072FC48 /* Models */ = {
			isa = PBXGroup;
			children = (
				8BAF882E282F93610072FC48 /* ViewModel.swift */,
				8BAF8830282F936B0072FC48 /* Menu.swift */,
				8BAF8832282F93750072FC48 /* Recipe.swift */,
			);
			path = Models;
			sourceTree = "<group>";
		};
/* End PBXGroup section */

/* Begin PBXNativeTarget section */
		8BAF881C282F92E80072FC48 /* Cookbook */ = {
			isa = PBXNativeTarget;
			buildConfigurationList = 8BAF882B282F92EB0072FC48 /* Build configuration list for PBXNativeTarget "Cookbook" */;
			buildPhases = (
				8BAF8819282F92E80072FC48 /* Sources */,
				8BAF881A282F92E80072FC48 /* Frameworks */,
				8BAF881B282F92E80072FC48 /* Resources */,
			);
			buildRules = (
			);
			dependencies = (
			);
			name = Cookbook;
			productName = Cookbook;
			productReference = 8BAF881D282F92E80072FC48 /* Cookbook.app */;
			productType = "com.apple.product-type.application";
		};
/* End PBXNativeTarget section */

/* Begin PBXProject section */
		8BAF8815282F92E80072FC48 /* Project object */ = {
			isa = PBXProject;
			attributes = {
				BuildIndependentTargetsInParallel = 1;
				LastSwiftUpdateCheck = 1330;
				LastUpgradeCheck = 1330;
				TargetAttributes = {
					8BAF881C282F92E80072FC48 = {
						CreatedOnToolsVersion = 13.3.1;
					};
				};
			};
			buildConfigurationList = 8BAF8818282F92E80072FC48 /* Build configuration list for PBXProject "Cookbook" */;
			compatibilityVersion = "Xcode 13.0";
			developmentRegion = en;
			hasScannedForEncodings = 0;
			knownRegions = (
				en,
				Base,
			);
			mainGroup = 8BAF8814282F92E80072FC48;
			productRefGroup = 8BAF881E282F92E80072FC48 /* Products */;
			projectDirPath = "";
			projectRoot = "";
			targets = (
				8BAF881C282F92E80072FC48 /* Cookbook */,
			);
		};
/* End PBXProject section */

/* Begin PBXResourcesBuildPhase section */
		8BAF881B282F92E80072FC48 /* Resources */ = {
			isa = PBXResourcesBuildPhase;
			buildActionMask = 2147483647;
			files = (
				8BAF883B282F93940072FC48 /* menus.json in Resources */,
				8BAF8828282F92EB0072FC48 /* Preview Assets.xcassets in Resources */,
				8BAF8825282F92EB0072FC48 /* Assets.xcassets in Resources */,
			);
			runOnlyForDeploymentPostprocessing = 0;
		};
/* End PBXResourcesBuildPhase section */

/* Begin PBXSourcesBuildPhase section */
		8BAF8819282F92E80072FC48 /* Sources */ = {
			isa = PBXSourcesBuildPhase;
			buildActionMask = 2147483647;
			files = (
				8BAF8823282F92E80072FC48 /* ContentView.swift in Sources */,
				8BAF8839282F938B0072FC48 /* MenuSelection.swift in Sources */,
				8BAF882F282F93610072FC48 /* ViewModel.swift in Sources */,
				8BAF883D282F94BF0072FC48 /* FilterSelection.swift in Sources */,
				8BAF8831282F936B0072FC48 /* Menu.swift in Sources */,
				8BAF8821282F92E80072FC48 /* CookbookApp.swift in Sources */,
				8BAF8835282F937D0072FC48 /* URLSession-Decodable.swift in Sources */,
				8BAF8837282F93840072FC48 /* Bundle-Decodable.swift in Sources */,
				8BAF8833282F93750072FC48 /* Recipe.swift in Sources */,
			);
			runOnlyForDeploymentPostprocessing = 0;
		};
/* End PBXSourcesBuildPhase section */

/* Begin XCBuildConfiguration section */
		8BAF8829282F92EB0072FC48 /* Debug */ = {
			isa = XCBuildConfiguration;
			buildSettings = {
				ALWAYS_SEARCH_USER_PATHS = NO;
				CLANG_ANALYZER_NONNULL = YES;
				CLANG_ANALYZER_NUMBER_OBJECT_CONVERSION = YES_AGGRESSIVE;
				CLANG_CXX_LANGUAGE_STANDARD = "gnu++17";
				CLANG_ENABLE_MODULES = YES;
				CLANG_ENABLE_OBJC_ARC = YES;
				CLANG_ENABLE_OBJC_WEAK = YES;
				CLANG_WARN_BLOCK_CAPTURE_AUTORELEASING = YES;
				CLANG_WARN_BOOL_CONVERSION = YES;
				CLANG_WARN_COMMA = YES;
				CLANG_WARN_CONSTANT_CONVERSION = YES;
				CLANG_WARN_DEPRECATED_OBJC_IMPLEMENTATIONS = YES;
				CLANG_WARN_DIRECT_OBJC_ISA_USAGE = YES_ERROR;
				CLANG_WARN_DOCUMENTATION_COMMENTS = YES;
				CLANG_WARN_EMPTY_BODY = YES;
				CLANG_WARN_ENUM_CONVERSION = YES;
				CLANG_WARN_INFINITE_RECURSION = YES;
				CLANG_WARN_INT_CONVERSION = YES;
				CLANG_WARN_NON_LITERAL_NULL_CONVERSION = YES;
				CLANG_WARN_OBJC_IMPLICIT_RETAIN_SELF = YES;
				CLANG_WARN_OBJC_LITERAL_CONVERSION = YES;
				CLANG_WARN_OBJC_ROOT_CLASS = YES_ERROR;
				CLANG_WARN_QUOTED_INCLUDE_IN_FRAMEWORK_HEADER = YES;
				CLANG_WARN_RANGE_LOOP_ANALYSIS = YES;
				CLANG_WARN_STRICT_PROTOTYPES = YES;
				CLANG_WARN_SUSPICIOUS_MOVE = YES;
				CLANG_WARN_UNGUARDED_AVAILABILITY = YES_AGGRESSIVE;
				CLANG_WARN_UNREACHABLE_CODE = YES;
				CLANG_WARN__DUPLICATE_METHOD_MATCH = YES;
				COPY_PHASE_STRIP = NO;
				DEBUG_INFORMATION_FORMAT = dwarf;
				ENABLE_STRICT_OBJC_MSGSEND = YES;
				ENABLE_TESTABILITY = YES;
				GCC_C_LANGUAGE_STANDARD = gnu11;
				GCC_DYNAMIC_NO_PIC = NO;
				GCC_NO_COMMON_BLOCKS = YES;
				GCC_OPTIMIZATION_LEVEL = 0;
				GCC_PREPROCESSOR_DEFINITIONS = (
					"DEBUG=1",
					"$(inherited)",
				);
				GCC_WARN_64_TO_32_BIT_CONVERSION = YES;
				GCC_WARN_ABOUT_RETURN_TYPE = YES_ERROR;
				GCC_WARN_UNDECLARED_SELECTOR = YES;
				GCC_WARN_UNINITIALIZED_AUTOS = YES_AGGRESSIVE;
				GCC_WARN_UNUSED_FUNCTION = YES;
				GCC_WARN_UNUSED_VARIABLE = YES;
				IPHONEOS_DEPLOYMENT_TARGET = 15.4;
				MTL_ENABLE_DEBUG_INFO = INCLUDE_SOURCE;
				MTL_FAST_MATH = YES;
				ONLY_ACTIVE_ARCH = YES;
				SDKROOT = iphoneos;
				SWIFT_ACTIVE_COMPILATION_CONDITIONS = DEBUG;
				SWIFT_OPTIMIZATION_LEVEL = "-Onone";
			};
			name = Debug;
		};
		8BAF882A282F92EB0072FC48 /* Release */ = {
			isa = XCBuildConfiguration;
			buildSettings = {
				ALWAYS_SEARCH_USER_PATHS = NO;
				CLANG_ANALYZER_NONNULL = YES;
				CLANG_ANALYZER_NUMBER_OBJECT_CONVERSION = YES_AGGRESSIVE;
				CLANG_CXX_LANGUAGE_STANDARD = "gnu++17";
				CLANG_ENABLE_MODULES = YES;
				CLANG_ENABLE_OBJC_ARC = YES;
				CLANG_ENABLE_OBJC_WEAK = YES;
				CLANG_WARN_BLOCK_CAPTURE_AUTORELEASING = YES;
				CLANG_WARN_BOOL_CONVERSION = YES;
				CLANG_WARN_COMMA = YES;
				CLANG_WARN_CONSTANT_CONVERSION = YES;
				CLANG_WARN_DEPRECATED_OBJC_IMPLEMENTATIONS = YES;
				CLANG_WARN_DIRECT_OBJC_ISA_USAGE = YES_ERROR;
				CLANG_WARN_DOCUMENTATION_COMMENTS = YES;
				CLANG_WARN_EMPTY_BODY = YES;
				CLANG_WARN_ENUM_CONVERSION = YES;
				CLANG_WARN_INFINITE_RECURSION = YES;
				CLANG_WARN_INT_CONVERSION = YES;
				CLANG_WARN_NON_LITERAL_NULL_CONVERSION = YES;
				CLANG_WARN_OBJC_IMPLICIT_RETAIN_SELF = YES;
				CLANG_WARN_OBJC_LITERAL_CONVERSION = YES;
				CLANG_WARN_OBJC_ROOT_CLASS = YES_ERROR;
				CLANG_WARN_QUOTED_INCLUDE_IN_FRAMEWORK_HEADER = YES;
				CLANG_WARN_RANGE_LOOP_ANALYSIS = YES;
				CLANG_WARN_STRICT_PROTOTYPES = YES;
				CLANG_WARN_SUSPICIOUS_MOVE = YES;
				CLANG_WARN_UNGUARDED_AVAILABILITY = YES_AGGRESSIVE;
				CLANG_WARN_UNREACHABLE_CODE = YES;
				CLANG_WARN__DUPLICATE_METHOD_MATCH = YES;
				COPY_PHASE_STRIP = NO;
				DEBUG_INFORMATION_FORMAT = "dwarf-with-dsym";
				ENABLE_NS_ASSERTIONS = NO;
				ENABLE_STRICT_OBJC_MSGSEND = YES;
				GCC_C_LANGUAGE_STANDARD = gnu11;
				GCC_NO_COMMON_BLOCKS = YES;
				GCC_WARN_64_TO_32_BIT_CONVERSION = YES;
				GCC_WARN_ABOUT_RETURN_TYPE = YES_ERROR;
				GCC_WARN_UNDECLARED_SELECTOR = YES;
				GCC_WARN_UNINITIALIZED_AUTOS = YES_AGGRESSIVE;
				GCC_WARN_UNUSED_FUNCTION = YES;
				GCC_WARN_UNUSED_VARIABLE = YES;
				IPHONEOS_DEPLOYMENT_TARGET = 15.4;
				MTL_ENABLE_DEBUG_INFO = NO;
				MTL_FAST_MATH = YES;
				SDKROOT = iphoneos;
				SWIFT_COMPILATION_MODE = wholemodule;
				SWIFT_OPTIMIZATION_LEVEL = "-O";
				VALIDATE_PRODUCT = YES;
			};
			name = Release;
		};
		8BAF882C282F92EB0072FC48 /* Debug */ = {
			isa = XCBuildConfiguration;
			buildSettings = {
				ASSETCATALOG_COMPILER_APPICON_NAME = AppIcon;
				ASSETCATALOG_COMPILER_GLOBAL_ACCENT_COLOR_NAME = AccentColor;
				CODE_SIGN_STYLE = Automatic;
				CURRENT_PROJECT_VERSION = 1;
				DEVELOPMENT_ASSET_PATHS = "\"Cookbook/Preview Content\"";
				DEVELOPMENT_TEAM = 5SYZQ266RF;
				ENABLE_PREVIEWS = YES;
				GENERATE_INFOPLIST_FILE = YES;
				INFOPLIST_KEY_UIApplicationSceneManifest_Generation = YES;
				INFOPLIST_KEY_UIApplicationSupportsIndirectInputEvents = YES;
				INFOPLIST_KEY_UILaunchScreen_Generation = YES;
				INFOPLIST_KEY_UISupportedInterfaceOrientations_iPad = "UIInterfaceOrientationPortrait UIInterfaceOrientationPortraitUpsideDown UIInterfaceOrientationLandscapeLeft UIInterfaceOrientationLandscapeRight";
				INFOPLIST_KEY_UISupportedInterfaceOrientations_iPhone = "UIInterfaceOrientationPortrait UIInterfaceOrientationLandscapeLeft UIInterfaceOrientationLandscapeRight";
				LD_RUNPATH_SEARCH_PATHS = (
					"$(inherited)",
					"@executable_path/Frameworks",
				);
				MARKETING_VERSION = 1.0;
				PRODUCT_BUNDLE_IDENTIFIER = co.uk.theappforest.Cookbook;
				PRODUCT_NAME = "$(TARGET_NAME)";
				SWIFT_EMIT_LOC_STRINGS = YES;
				SWIFT_VERSION = 5.0;
				TARGETED_DEVICE_FAMILY = "1,2";
			};
			name = Debug;
		};
		8BAF882D282F92EB0072FC48 /* Release */ = {
			isa = XCBuildConfiguration;
			buildSettings = {
				ASSETCATALOG_COMPILER_APPICON_NAME = AppIcon;
				ASSETCATALOG_COMPILER_GLOBAL_ACCENT_COLOR_NAME = AccentColor;
				CODE_SIGN_STYLE = Automatic;
				CURRENT_PROJECT_VERSION = 1;
				DEVELOPMENT_ASSET_PATHS = "\"Cookbook/Preview Content\"";
				DEVELOPMENT_TEAM = 5SYZQ266RF;
				ENABLE_PREVIEWS = YES;
				GENERATE_INFOPLIST_FILE = YES;
				INFOPLIST_KEY_UIApplicationSceneManifest_Generation = YES;
				INFOPLIST_KEY_UIApplicationSupportsIndirectInputEvents = YES;
				INFOPLIST_KEY_UILaunchScreen_Generation = YES;
				INFOPLIST_KEY_UISupportedInterfaceOrientations_iPad = "UIInterfaceOrientationPortrait UIInterfaceOrientationPortraitUpsideDown UIInterfaceOrientationLandscapeLeft UIInterfaceOrientationLandscapeRight";
				INFOPLIST_KEY_UISupportedInterfaceOrientations_iPhone = "UIInterfaceOrientationPortrait UIInterfaceOrientationLandscapeLeft UIInterfaceOrientationLandscapeRight";
				LD_RUNPATH_SEARCH_PATHS = (
					"$(inherited)",
					"@executable_path/Frameworks",
				);
				MARKETING_VERSION = 1.0;
				PRODUCT_BUNDLE_IDENTIFIER = co.uk.theappforest.Cookbook;
				PRODUCT_NAME = "$(TARGET_NAME)";
				SWIFT_EMIT_LOC_STRINGS = YES;
				SWIFT_VERSION = 5.0;
				TARGETED_DEVICE_FAMILY = "1,2";
			};
			name = Release;
		};
/* End XCBuildConfiguration section */

/* Begin XCConfigurationList section */
		8BAF8818282F92E80072FC48 /* Build configuration list for PBXProject "Cookbook" */ = {
			isa = XCConfigurationList;
			buildConfigurations = (
				8BAF8829282F92EB0072FC48 /* Debug */,
				8BAF882A282F92EB0072FC48 /* Release */,
			);
			defaultConfigurationIsVisible = 0;
			defaultConfigurationName = Release;
		};
		8BAF882B282F92EB0072FC48 /* Build configuration list for PBXNativeTarget "Cookbook" */ = {
			isa = XCConfigurationList;
			buildConfigurations = (
				8BAF882C282F92EB0072FC48 /* Debug */,
				8BAF882D282F92EB0072FC48 /* Release */,
			);
			defaultConfigurationIsVisible = 0;
			defaultConfigurationName = Release;
		};
/* End XCConfigurationList section */
	};
	rootObject = 8BAF8815282F92E80072FC48 /* Project object */;
}
